
Microsoft Visual Studio Solution File, Format Version 12.00
# Visual Studio Version 16
VisualStudioVersion = 16.0.31911.196
MinimumVisualStudioVersion = 10.0.40219.1
Project("{FAE04EC0-301F-11D3-BF4B-00C04F79EFBC}") = "DbTablesImportExport", "DbTablesImportExport\DbTablesImportExport.csproj", "{9BE5062F-000E-4C65-9454-057707A97015}"
EndProject
Project("{FAE04EC0-301F-11D3-BF4B-00C04F79EFBC}") = "SampleApp", "SampleApp\SampleApp.csproj", "{F191A77A-D2E1-4B52-B618-C02B6B310A6A}"
EndProject
Global
	GlobalSection(SolutionConfigurationPlatforms) = preSolution
		Debug|Any CPU = Debug|Any CPU
		Release|Any CPU = Release|Any CPU
	EndGlobalSection
	GlobalSection(ProjectConfigurationPlatforms) = postSolution
		{9BE5062F-000E-4C65-9454-057707A97015}.Debug|Any CPU.ActiveCfg = Debug|Any CPU
		{9BE5062F-000E-4C65-9454-057707A97015}.Debug|Any CPU.Build.0 = Debug|Any CPU
		{9BE5062F-000E-4C65-9454-057707A97015}.Release|Any CPU.ActiveCfg = Release|Any CPU
		{9BE5062F-000E-4C65-9454-057707A97015}.Release|Any CPU.Build.0 = Release|Any CPU
		{F191A77A-D2E1-4B52-B618-C02B6B310A6A}.Debug|Any CPU.ActiveCfg = Debug|Any CPU
		{F191A77A-D2E1-4B52-B618-C02B6B310A6A}.Debug|Any CPU.Build.0 = Debug|Any CPU
		{F191A77A-D2E1-4B52-B618-C02B6B310A6A}.Release|Any CPU.ActiveCfg = Release|Any CPU
		{F191A77A-D2E1-4B52-B618-C02B6B310A6A}.Release|Any CPU.Build.0 = Release|Any CPU
	EndGlobalSection
	GlobalSection(SolutionProperties) = preSolution
		HideSolutionNode = FALSE
	EndGlobalSection
	GlobalSection(ExtensibilityGlobals) = postSolution
		SolutionGuid = {1C407FE5-C235-4881-B0B2-FF2F77A3C102}
	EndGlobalSection
EndGlobal
